dmitri.shuralyov.com/font/woff2 v0.0.0-20180220214647-957792cbbdab h1:Ew70NL+wL6v9looOiJJthlqA41VzoJS+q9AyjHJe6/g=
dmitri.shuralyov.com/font/woff2 v0.0.0-20180220214647-957792cbbdab/go.mod h1:FvHgTMJanm43G7B3MVSjS/jim5ytVqAJNAOpRhnuHJc=
github.com/dsnet/compress v0.0.1 h1:PlZu0n3Tuv04TzpfPbrnI0HW/YwodEXDS+oPKahKF0Q=
github.com/dsnet/compress v0.0.1/go.mod h1:Aw8dCMJ7RioblQeTqt88akK31OvO8Dhf5JflhBbQEHo=
github.com/dsnet/golib v0.0.0-20171103203638-1ea166775780/go.mod h1:Lj+Z9rebOhdfkVLjJ8T6VcRQv3SXugXy999NBtR9aFY=
github.com/klauspost/compress v1.4.1/go.mod h1:RyIbtBH6LamlWaDj8nUwkbUhJ87Yi3uG0guNDohfE1A=
github.com/klauspost/cpuid v1.2.0/go.mod h1:Pj4uuM528wm8OyEC2QMXAi2YiTZ96dNQPGgoMS4s3ek=
github.com/propellerfactory/font v0.0.0-20200213010337-87f530cfb670 h1:NgSbL6RENEPmsnfElY6QP1rb/R4jdLd/Ho1dRVy/Qqk=
github.com/propellerfactory/font/sfnt v0.0.0-20200213010337-87f530cfb670 h1:c7yg5ZzzIHZ+SbK+TEJsA783CyPtzfDs09zVGwSN7n0=
github.com/propellerfactory/font/sfnt v0.0.0-20200213010337-87f530cfb670/go.mod h1:vETJ+IQ9Yt0ItBBV9Wwn4YpWIq9yfxiy9PmP1wBU6n0=
github.com/ulikunitz/xz v0.5.6/go.mod h1:2bypXElzHzzJZwzH67Y6wb67pO62Rzfn7BSiF4ABRW8=
golang.org/x/text v0.3.2 h1:tW2bmiBqwgJj/UpqtC8EpXEZVYOwU0yG4iWbprSVAcs=
golang.org/x/text v0.3.2/go.mod h1:bEr9sfX3Q8Zfm5fL9x+3itogRgK3+ptLWKqgva+5dAk=
golang.org/x/tools v0.0.0-20180917221912-90fa682c2a6e/go.mod h1:n7NCudcB/nEzxVGmLbDWY5pfWTLqBcC2KZ6jyYvM4mQ=
